
Microsoft Visual Studio Solution File, Format Version 12.00
# Visual Studio Version 17
VisualStudioVersion = 17.8.34309.116
MinimumVisualStudioVersion = 10.0.40219.1
Project("{FAE04EC0-301F-11D3-BF4B-00C04F79EFBC}") = "ConsoleApp1", "ConsoleApp1.csproj", "{FDE4D3A3-439C-4E4F-989A-9AEBB5E8FACB}"
EndProject
Global
	GlobalSection(SolutionConfigurationPlatforms) = preSolution
		Debug|Any CPU = Debug|Any CPU
		Release|Any CPU = Release|Any CPU
	EndGlobalSection
	GlobalSection(ProjectConfigurationPlatforms) = postSolution
		{FDE4D3A3-439C-4E4F-989A-9AEBB5E8FACB}.Debug|Any CPU.ActiveCfg = Debug|Any CPU
		{FDE4D3A3-439C-4E4F-989A-9AEBB5E8FACB}.Debug|Any CPU.Build.0 = Debug|Any CPU
		{FDE4D3A3-439C-4E4F-989A-9AEBB5E8FACB}.Release|Any CPU.ActiveCfg = Release|Any CPU
		{FDE4D3A3-439C-4E4F-989A-9AEBB5E8FACB}.Release|Any CPU.Build.0 = Release|Any CPU
	EndGlobalSection
	GlobalSection(SolutionProperties) = preSolution
		HideSolutionNode = FALSE
	EndGlobalSection
	GlobalSection(ExtensibilityGlobals) = postSolution
		SolutionGuid = {93DB73E9-71C5-49B4-8750-34C14A27867D}
	EndGlobalSection
EndGlobal
